
Microsoft Visual Studio Solution File, Format Version 12.00
# Visual Studio Version 17
VisualStudioVersion = 17.7.34221.43
MinimumVisualStudioVersion = 10.0.40219.1
Project("{FAE04EC0-301F-11D3-BF4B-00C04F79EFBC}") = "Codility-GenomicRangeQuery", "Codility-GenomicRangeQuery\Codility-GenomicRangeQuery.csproj", "{622F4EF2-2E46-40E2-8599-AE54E9F67FAF}"
EndProject
Project("{FAE04EC0-301F-11D3-BF4B-00C04F79EFBC}") = "Codility-GenomicRangeQueryTests", "Codility-GenomicRangeQueryTests\Codility-GenomicRangeQueryTests.csproj", "{67AC029F-0D36-46F5-A390-5CEC9DBC7C77}"
EndProject
Global
	GlobalSection(SolutionConfigurationPlatforms) = preSolution
		Debug|Any CPU = Debug|Any CPU
		Release|Any CPU = Release|Any CPU
	EndGlobalSection
	GlobalSection(ProjectConfigurationPlatforms) = postSolution
		{622F4EF2-2E46-40E2-8599-AE54E9F67FAF}.Debug|Any CPU.ActiveCfg = Debug|Any CPU
		{622F4EF2-2E46-40E2-8599-AE54E9F67FAF}.Debug|Any CPU.Build.0 = Debug|Any CPU
		{622F4EF2-2E46-40E2-8599-AE54E9F67FAF}.Release|Any CPU.ActiveCfg = Release|Any CPU
		{622F4EF2-2E46-40E2-8599-AE54E9F67FAF}.Release|Any CPU.Build.0 = Release|Any CPU
		{67AC029F-0D36-46F5-A390-5CEC9DBC7C77}.Debug|Any CPU.ActiveCfg = Debug|Any CPU
		{67AC029F-0D36-46F5-A390-5CEC9DBC7C77}.Debug|Any CPU.Build.0 = Debug|Any CPU
		{67AC029F-0D36-46F5-A390-5CEC9DBC7C77}.Release|Any CPU.ActiveCfg = Release|Any CPU
		{67AC029F-0D36-46F5-A390-5CEC9DBC7C77}.Release|Any CPU.Build.0 = Release|Any CPU
	EndGlobalSection
	GlobalSection(SolutionProperties) = preSolution
		HideSolutionNode = FALSE
	EndGlobalSection
	GlobalSection(ExtensibilityGlobals) = postSolution
		SolutionGuid = {11B14B0D-8798-4695-849A-8E03F39B43ED}
	EndGlobalSection
EndGlobal
